// !$*UTF8*$!
{
	archiveVersion = 1;
	classes = {
	};
	objectVersion = 46;
	objects = {

/* Begin PBXBuildFile section */
		913A38CC1E6F2604008EBFC7 /* AppDelegate.swift in Sources */ = {isa = PBXBuildFile; fileRef = 913A38CB1E6F2604008EBFC7 /* AppDelegate.swift */; };
		913A38CE1E6F2604008EBFC7 /* ViewController.swift in Sources */ = {isa = PBXBuildFile; fileRef = 913A38CD1E6F2604008EBFC7 /* ViewController.swift */; };
		913A38D11E6F2604008EBFC7 /* Main.storyboard in Resources */ = {isa = PBXBuildFile; fileRef = 913A38CF1E6F2604008EBFC7 /* Main.storyboard */; };
		913A38D31E6F2605008EBFC7 /* Assets.xcassets in Resources */ = {isa = PBXBuildFile; fileRef = 913A38D21E6F2605008EBFC7 /* Assets.xcassets */; };
		913A38D61E6F2605008EBFC7 /* LaunchScreen.storyboard in Resources */ = {isa = PBXBuildFile; fileRef = 913A38D41E6F2605008EBFC7 /* LaunchScreen.storyboard */; };
		913A38E11E6F2605008EBFC7 /* _DA_EVA_2_TABLASTests.swift in Sources */ = {isa = PBXBuildFile; fileRef = 913A38E01E6F2605008EBFC7 /* _DA_EVA_2_TABLASTests.swift */; };
		913A38EC1E6F2605008EBFC7 /* _DA_EVA_2_TABLASUITests.swift in Sources */ = {isa = PBXBuildFile; fileRef = 913A38EB1E6F2605008EBFC7 /* _DA_EVA_2_TABLASUITests.swift */; };
/* End PBXBuildFile section */

/* Begin PBXContainerItemProxy section */
		913A38DD1E6F2605008EBFC7 /* PBXContainerItemProxy */ = {
			isa = PBXContainerItemProxy;
			containerPortal = 913A38C01E6F2604008EBFC7 /* Project object */;
			proxyType = 1;
			remoteGlobalIDString = 913A38C71E6F2604008EBFC7;
			remoteInfo = 2DA_EVA_2_TABLAS;
		};
		913A38E81E6F2605008EBFC7 /* PBXContainerItemProxy */ = {
			isa = PBXContainerItemProxy;
			containerPortal = 913A38C01E6F2604008EBFC7 /* Project object */;
			proxyType = 1;
			remoteGlobalIDString = 913A38C71E6F2604008EBFC7;
			remoteInfo = 2DA_EVA_2_TABLAS;
		};
/* End PBXContainerItemProxy section */

/* Begin PBXFileReference section */
		913A38C81E6F2604008EBFC7 /* 2DA_EVA_2_TABLAS.app */ = {isa = PBXFileReference; explicitFileType = wrapper.application; includeInIndex = 0; path = 2DA_EVA_2_TABLAS.app; sourceTree = BUILT_PRODUCTS_DIR; };
		913A38CB1E6F2604008EBFC7 /* AppDelegate.swift */ = {isa = PBXFileReference; lastKnownFileType = sourcecode.swift; path = AppDelegate.swift; sourceTree = "<group>"; };
		913A38CD1E6F2604008EBFC7 /* ViewController.swift */ = {isa = PBXFileReference; lastKnownFileType = sourcecode.swift; path = ViewController.swift; sourceTree = "<group>"; };
		913A38D01E6F2604008EBFC7 /* Base */ = {isa = PBXFileReference; lastKnownFileType = file.storyboard; name = Base; path = Base.lproj/Main.storyboard; sourceTree = "<group>"; };
		913A38D21E6F2605008EBFC7 /* Assets.xcassets */ = {isa = PBXFileReference; lastKnownFileType = folder.assetcatalog; path = Assets.xcassets; sourceTree = "<group>"; };
		913A38D51E6F2605008EBFC7 /* Base */ = {isa = PBXFileReference; lastKnownFileType = file.storyboard; name = Base; path = Base.lproj/LaunchScreen.storyboard; sourceTree = "<group>"; };
		913A38D71E6F2605008EBFC7 /* Info.plist */ = {isa = PBXFileReference; lastKnownFileType = text.plist.xml; path = Info.plist; sourceTree = "<group>"; };
		913A38DC1E6F2605008EBFC7 /* 2DA_EVA_2_TABLASTests.xctest */ = {isa = PBXFileReference; explicitFileType = wrapper.cfbundle; includeInIndex = 0; path = 2DA_EVA_2_TABLASTests.xctest; sourceTree = BUILT_PRODUCTS_DIR; };
		913A38E01E6F2605008EBFC7 /* _DA_EVA_2_TABLASTests.swift */ = {isa = PBXFileReference; lastKnownFileType = sourcecode.swift; path = _DA_EVA_2_TABLASTests.swift; sourceTree = "<group>"; };
		913A38E21E6F2605008EBFC7 /* Info.plist */ = {isa = PBXFileReference; lastKnownFileType = text.plist.xml; path = Info.plist; sourceTree = "<group>"; };
		913A38E71E6F2605008EBFC7 /* 2DA_EVA_2_TABLASUITests.xctest */ = {isa = PBXFileReference; explicitFileType = wrapper.cfbundle; includeInIndex = 0; path = 2DA_EVA_2_TABLASUITests.xctest; sourceTree = BUILT_PRODUCTS_DIR; };
		913A38EB1E6F2605008EBFC7 /* _DA_EVA_2_TABLASUITests.swift */ = {isa = PBXFileReference; lastKnownFileType = sourcecode.swift; path = _DA_EVA_2_TABLASUITests.swift; sourceTree = "<group>"; };
		913A38ED1E6F2605008EBFC7 /* Info.plist */ = {isa = PBXFileReference; lastKnownFileType = text.plist.xml; path = Info.plist; sourceTree = "<group>"; };
/* End PBXFileReference section */

/* Begin PBXFrameworksBuildPhase section */
		913A38C51E6F2604008EBFC7 /* Frameworks */ = {
			isa = PBXFrameworksBuildPhase;
			buildActionMask = 2147483647;
			files = (
			);
			runOnlyForDeploymentPostprocessing = 0;
		};
		913A38D91E6F2605008EBFC7 /* Frameworks */ = {
			isa = PBXFrameworksBuildPhase;
			buildActionMask = 2147483647;
			files = (
			);
			runOnlyForDeploymentPostprocessing = 0;
		};
		913A38E41E6F2605008EBFC7 /* Frameworks */ = {
			isa = PBXFrameworksBuildPhase;
			buildActionMask = 2147483647;
			files = (
			);
			runOnlyForDeploymentPostprocessing = 0;
		};
/* End PBXFrameworksBuildPhase section */

/* Begin PBXGroup section */
		913A38BF1E6F2604008EBFC7 = {
			isa = PBXGroup;
			children = (
				913A38CA1E6F2604008EBFC7 /* 2DA_EVA_2_TABLAS */,
				913A38DF1E6F2605008EBFC7 /* 2DA_EVA_2_TABLASTests */,
				913A38EA1E6F2605008EBFC7 /* 2DA_EVA_2_TABLASUITests */,
				913A38C91E6F2604008EBFC7 /* Products */,
			);
			sourceTree = "<group>";
		};
		913A38C91E6F2604008EBFC7 /* Products */ = {
			isa = PBXGroup;
			children = (
				913A38C81E6F2604008EBFC7 /* 2DA_EVA_2_TABLAS.app */,
				913A38DC1E6F2605008EBFC7 /* 2DA_EVA_2_TABLASTests.xctest */,
				913A38E71E6F2605008EBFC7 /* 2DA_EVA_2_TABLASUITests.xctest */,
			);
			name = Products;
			sourceTree = "<group>";
		};
		913A38CA1E6F2604008EBFC7 /* 2DA_EVA_2_TABLAS */ = {
			isa = PBXGroup;
			children = (
				913A38CB1E6F2604008EBFC7 /* AppDelegate.swift */,
				913A38CD1E6F2604008EBFC7 /* ViewController.swift */,
				913A38CF1E6F2604008EBFC7 /* Main.storyboard */,
				913A38D21E6F2605008EBFC7 /* Assets.xcassets */,
				913A38D41E6F2605008EBFC7 /* LaunchScreen.storyboard */,
				913A38D71E6F2605008EBFC7 /* Info.plist */,
			);
			path = 2DA_EVA_2_TABLAS;
			sourceTree = "<group>";
		};
		913A38DF1E6F2605008EBFC7 /* 2DA_EVA_2_TABLASTests */ = {
			isa = PBXGroup;
			children = (
				913A38E01E6F2605008EBFC7 /* _DA_EVA_2_TABLASTests.swift */,
				913A38E21E6F2605008EBFC7 /* Info.plist */,
			);
			path = 2DA_EVA_2_TABLASTests;
			sourceTree = "<group>";
		};
		913A38EA1E6F2605008EBFC7 /* 2DA_EVA_2_TABLASUITests */ = {
			isa = PBXGroup;
			children = (
				913A38EB1E6F2605008EBFC7 /* _DA_EVA_2_TABLASUITests.swift */,
				913A38ED1E6F2605008EBFC7 /* Info.plist */,
			);
			path = 2DA_EVA_2_TABLASUITests;
			sourceTree = "<group>";
		};
/* End PBXGroup section */

/* Begin PBXNativeTarget section */
		913A38C71E6F2604008EBFC7 /* 2DA_EVA_2_TABLAS */ = {
			isa = PBXNativeTarget;
			buildConfigurationList = 913A38F01E6F2605008EBFC7 /* Build configuration list for PBXNativeTarget "2DA_EVA_2_TABLAS" */;
			buildPhases = (
				913A38C41E6F2604008EBFC7 /* Sources */,
				913A38C51E6F2604008EBFC7 /* Frameworks */,
				913A38C61E6F2604008EBFC7 /* Resources */,
			);
			buildRules = (
			);
			dependencies = (
			);
			name = 2DA_EVA_2_TABLAS;
			productName = 2DA_EVA_2_TABLAS;
			productReference = 913A38C81E6F2604008EBFC7 /* 2DA_EVA_2_TABLAS.app */;
			productType = "com.apple.product-type.application";
		};
		913A38DB1E6F2605008EBFC7 /* 2DA_EVA_2_TABLASTests */ = {
			isa = PBXNativeTarget;
			buildConfigurationList = 913A38F31E6F2605008EBFC7 /* Build configuration list for PBXNativeTarget "2DA_EVA_2_TABLASTests" */;
			buildPhases = (
				913A38D81E6F2605008EBFC7 /* Sources */,
				913A38D91E6F2605008EBFC7 /* Frameworks */,
				913A38DA1E6F2605008EBFC7 /* Resources */,
			);
			buildRules = (
			);
			dependencies = (
				913A38DE1E6F2605008EBFC7 /* PBXTargetDependency */,
			);
			name = 2DA_EVA_2_TABLASTests;
			productName = 2DA_EVA_2_TABLASTests;
			productReference = 913A38DC1E6F2605008EBFC7 /* 2DA_EVA_2_TABLASTests.xctest */;
			productType = "com.apple.product-type.bundle.unit-test";
		};
		913A38E61E6F2605008EBFC7 /* 2DA_EVA_2_TABLASUITests */ = {
			isa = PBXNativeTarget;
			buildConfigurationList = 913A38F61E6F2605008EBFC7 /* Build configuration list for PBXNativeTarget "2DA_EVA_2_TABLASUITests" */;
			buildPhases = (
				913A38E31E6F2605008EBFC7 /* Sources */,
				913A38E41E6F2605008EBFC7 /* Frameworks */,
				913A38E51E6F2605008EBFC7 /* Resources */,
			);
			buildRules = (
			);
			dependencies = (
				913A38E91E6F2605008EBFC7 /* PBXTargetDependency */,
			);
			name = 2DA_EVA_2_TABLASUITests;
			productName = 2DA_EVA_2_TABLASUITests;
			productReference = 913A38E71E6F2605008EBFC7 /* 2DA_EVA_2_TABLASUITests.xctest */;
			productType = "com.apple.product-type.bundle.ui-testing";
		};
/* End PBXNativeTarget section */

/* Begin PBXProject section */
		913A38C01E6F2604008EBFC7 /* Project object */ = {
			isa = PBXProject;
			attributes = {
				LastSwiftUpdateCheck = 0730;
				LastUpgradeCheck = 0730;
				ORGANIZATIONNAME = "LUIS FERNANDO";
				TargetAttributes = {
					913A38C71E6F2604008EBFC7 = {
						CreatedOnToolsVersion = 7.3.1;
					};
					913A38DB1E6F2605008EBFC7 = {
						CreatedOnToolsVersion = 7.3.1;
						TestTargetID = 913A38C71E6F2604008EBFC7;
					};
					913A38E61E6F2605008EBFC7 = {
						CreatedOnToolsVersion = 7.3.1;
						TestTargetID = 913A38C71E6F2604008EBFC7;
					};
				};
			};
			buildConfigurationList = 913A38C31E6F2604008EBFC7 /* Build configuration list for PBXProject "2DA_EVA_2_TABLAS" */;
			compatibilityVersion = "Xcode 3.2";
			developmentRegion = English;
			hasScannedForEncodings = 0;
			knownRegions = (
				en,
				Base,
			);
			mainGroup = 913A38BF1E6F2604008EBFC7;
			productRefGroup = 913A38C91E6F2604008EBFC7 /* Products */;
			projectDirPath = "";
			projectRoot = "";
			targets = (
				913A38C71E6F2604008EBFC7 /* 2DA_EVA_2_TABLAS */,
				913A38DB1E6F2605008EBFC7 /* 2DA_EVA_2_TABLASTests */,
				913A38E61E6F2605008EBFC7 /* 2DA_EVA_2_TABLASUITests */,
			);
		};
/* End PBXProject section */

/* Begin PBXResourcesBuildPhase section */
		913A38C61E6F2604008EBFC7 /* Resources */ = {
			isa = PBXResourcesBuildPhase;
			buildActionMask = 2147483647;
			files = (
				913A38D61E6F2605008EBFC7 /* LaunchScreen.storyboard in Resources */,
				913A38D31E6F2605008EBFC7 /* Assets.xcassets in Resources */,
				913A38D11E6F2604008EBFC7 /* Main.storyboard in Resources */,
			);
			runOnlyForDeploymentPostprocessing = 0;
		};
		913A38DA1E6F2605008EBFC7 /* Resources */ = {
			isa = PBXResourcesBuildPhase;
			buildActionMask = 2147483647;
			files = (
			);
			runOnlyForDeploymentPostprocessing = 0;
		};
		913A38E51E6F2605008EBFC7 /* Resources */ = {
			isa = PBXResourcesBuildPhase;
			buildActionMask = 2147483647;
			files = (
			);
			runOnlyForDeploymentPostprocessing = 0;
		};
/* End PBXResourcesBuildPhase section */

/* Begin PBXSourcesBuildPhase section */
		913A38C41E6F2604008EBFC7 /* Sources */ = {
			isa = PBXSourcesBuildPhase;
			buildActionMask = 2147483647;
			files = (
				913A38CE1E6F2604008EBFC7 /* ViewController.swift in Sources */,
				913A38CC1E6F2604008EBFC7 /* AppDelegate.swift in Sources */,
			);
			runOnlyForDeploymentPostprocessing = 0;
		};
		913A38D81E6F2605008EBFC7 /* Sources */ = {
			isa = PBXSourcesBuildPhase;
			buildActionMask = 2147483647;
			files = (
				913A38E11E6F2605008EBFC7 /* _DA_EVA_2_TABLASTests.swift in Sources */,
			);
			runOnlyForDeploymentPostprocessing = 0;
		};
		913A38E31E6F2605008EBFC7 /* Sources */ = {
			isa = PBXSourcesBuildPhase;
			buildActionMask = 2147483647;
			files = (
				913A38EC1E6F2605008EBFC7 /* _DA_EVA_2_TABLASUITests.swift in Sources */,
			);
			runOnlyForDeploymentPostprocessing = 0;
		};
/* End PBXSourcesBuildPhase section */

/* Begin PBXTargetDependency section */
		913A38DE1E6F2605008EBFC7 /* PBXTargetDependency */ = {
			isa = PBXTargetDependency;
			target = 913A38C71E6F2604008EBFC7 /* 2DA_EVA_2_TABLAS */;
			targetProxy = 913A38DD1E6F2605008EBFC7 /* PBXContainerItemProxy */;
		};
		913A38E91E6F2605008EBFC7 /* PBXTargetDependency */ = {
			isa = PBXTargetDependency;
			target = 913A38C71E6F2604008EBFC7 /* 2DA_EVA_2_TABLAS */;
			targetProxy = 913A38E81E6F2605008EBFC7 /* PBXContainerItemProxy */;
		};
/* End PBXTargetDependency section */

/* Begin PBXVariantGroup section */
		913A38CF1E6F2604008EBFC7 /* Main.storyboard */ = {
			isa = PBXVariantGroup;
			children = (
				913A38D01E6F2604008EBFC7 /* Base */,
			);
			name = Main.storyboard;
			sourceTree = "<group>";
		};
		913A38D41E6F2605008EBFC7 /* LaunchScreen.storyboard */ = {
			isa = PBXVariantGroup;
			children = (
				913A38D51E6F2605008EBFC7 /* Base */,
			);
			name = LaunchScreen.storyboard;
			sourceTree = "<group>";
		};
/* End PBXVariantGroup section */

/* Begin XCBuildConfiguration section */
		913A38EE1E6F2605008EBFC7 /* Debug */ = {
			isa = XCBuildConfiguration;
			buildSettings = {
				ALWAYS_SEARCH_USER_PATHS = NO;
				CLANG_ANALYZER_NONNULL = YES;
				CLANG_CXX_LANGUAGE_STANDARD = "gnu++0x";
				CLANG_CXX_LIBRARY = "libc++";
				CLANG_ENABLE_MODULES = YES;
				CLANG_ENABLE_OBJC_ARC = YES;
				CLANG_WARN_BOOL_CONVERSION = YES;
				CLANG_WARN_CONSTANT_CONVERSION = YES;
				CLANG_WARN_DIRECT_OBJC_ISA_USAGE = YES_ERROR;
				CLANG_WARN_EMPTY_BODY = YES;
				CLANG_WARN_ENUM_CONVERSION = YES;
				CLANG_WARN_INT_CONVERSION = YES;
				CLANG_WARN_OBJC_ROOT_CLASS = YES_ERROR;
				CLANG_WARN_UNREACHABLE_CODE = YES;
				CLANG_WARN__DUPLICATE_METHOD_MATCH = YES;
				"CODE_SIGN_IDENTITY[sdk=iphoneos*]" = "iPhone Developer";
				COPY_PHASE_STRIP = NO;
				DEBUG_INFORMATION_FORMAT = dwarf;
				ENABLE_STRICT_OBJC_MSGSEND = YES;
				ENABLE_TESTABILITY = YES;
				GCC_C_LANGUAGE_STANDARD = gnu99;
				GCC_DYNAMIC_NO_PIC = NO;
				GCC_NO_COMMON_BLOCKS = YES;
				GCC_OPTIMIZATION_LEVEL = 0;
				GCC_PREPROCESSOR_DEFINITIONS = (
					"DEBUG=1",
					"$(inherited)",
				);
				GCC_WARN_64_TO_32_BIT_CONVERSION = YES;
				GCC_WARN_ABOUT_RETURN_TYPE = YES_ERROR;
				GCC_WARN_UNDECLARED_SELECTOR = YES;
				GCC_WARN_UNINITIALIZED_AUTOS = YES_AGGRESSIVE;
				GCC_WARN_UNUSED_FUNCTION = YES;
				GCC_WARN_UNUSED_VARIABLE = YES;
				IPHONEOS_DEPLOYMENT_TARGET = 9.3;
				MTL_ENABLE_DEBUG_INFO = YES;
				ONLY_ACTIVE_ARCH = YES;
				SDKROOT = iphoneos;
				SWIFT_OPTIMIZATION_LEVEL = "-Onone";
				TARGETED_DEVICE_FAMILY = "1,2";
			};
			name = Debug;
		};
		913A38EF1E6F2605008EBFC7 /* Release */ = {
			isa = XCBuildConfiguration;
			buildSettings = {
				ALWAYS_SEARCH_USER_PATHS = NO;
				CLANG_ANALYZER_NONNULL = YES;
				CLANG_CXX_LANGUAGE_STANDARD = "gnu++0x";
				CLANG_CXX_LIBRARY = "libc++";
				CLANG_ENABLE_MODULES = YES;
				CLANG_ENABLE_OBJC_ARC = YES;
				CLANG_WARN_BOOL_CONVERSION = YES;
				CLANG_WARN_CONSTANT_CONVERSION = YES;
				CLANG_WARN_DIRECT_OBJC_ISA_USAGE = YES_ERROR;
				CLANG_WARN_EMPTY_BODY = YES;
				CLANG_WARN_ENUM_CONVERSION = YES;
				CLANG_WARN_INT_CONVERSION = YES;
				CLANG_WARN_OBJC_ROOT_CLASS = YES_ERROR;
				CLANG_WARN_UNREACHABLE_CODE = YES;
				CLANG_WARN__DUPLICATE_METHOD_MATCH = YES;
				"CODE_SIGN_IDENTITY[sdk=iphoneos*]" = "iPhone Developer";
				COPY_PHASE_STRIP = NO;
				DEBUG_INFORMATION_FORMAT = "dwarf-with-dsym";
				ENABLE_NS_ASSERTIONS = NO;
				ENABLE_STRICT_OBJC_MSGSEND = YES;
				GCC_C_LANGUAGE_STANDARD = gnu99;
				GCC_NO_COMMON_BLOCKS = YES;
				GCC_WARN_64_TO_32_BIT_CONVERSION = YES;
				GCC_WARN_ABOUT_RETURN_TYPE = YES_ERROR;
				GCC_WARN_UNDECLARED_SELECTOR = YES;
				GCC_WARN_UNINITIALIZED_AUTOS = YES_AGGRESSIVE;
				GCC_WARN_UNUSED_FUNCTION = YES;
				GCC_WARN_UNUSED_VARIABLE = YES;
				IPHONEOS_DEPLOYMENT_TARGET = 9.3;
				MTL_ENABLE_DEBUG_INFO = NO;
				SDKROOT = iphoneos;
				TARGETED_DEVICE_FAMILY = "1,2";
				VALIDATE_PRODUCT = YES;
			};
			name = Release;
		};
		913A38F11E6F2605008EBFC7 /* Debug */ = {
			isa = XCBuildConfiguration;
			buildSettings = {
				ASSETCATALOG_COMPILER_APPICON_NAME = AppIcon;
				INFOPLIST_FILE = 2DA_EVA_2_TABLAS/Info.plist;
				LD_RUNPATH_SEARCH_PATHS = "$(inherited) @executable_path/Frameworks";
				PRODUCT_BUNDLE_IDENTIFIER = "com.gallegos.luis.-DA-EVA-2-TABLAS";
				PRODUCT_NAME = "$(TARGET_NAME)";
			};
			name = Debug;
		};
		913A38F21E6F2605008EBFC7 /* Release */ = {
			isa = XCBuildConfiguration;
			buildSettings = {
				ASSETCATALOG_COMPILER_APPICON_NAME = AppIcon;
				INFOPLIST_FILE = 2DA_EVA_2_TABLAS/Info.plist;
				LD_RUNPATH_SEARCH_PATHS = "$(inherited) @executable_path/Frameworks";
				PRODUCT_BUNDLE_IDENTIFIER = "com.gallegos.luis.-DA-EVA-2-TABLAS";
				PRODUCT_NAME = "$(TARGET_NAME)";
			};
			name = Release;
		};
		913A38F41E6F2605008EBFC7 /* Debug */ = {
			isa = XCBuildConfiguration;
			buildSettings = {
				BUNDLE_LOADER = "$(TEST_HOST)";
				INFOPLIST_FILE = 2DA_EVA_2_TABLASTests/Info.plist;
				LD_RUNPATH_SEARCH_PATHS = "$(inherited) @executable_path/Frameworks @loader_path/Frameworks";
				PRODUCT_BUNDLE_IDENTIFIER = "com.gallegos.luis.-DA-EVA-2-TABLASTests";
				PRODUCT_NAME = "$(TARGET_NAME)";
				TEST_HOST = "$(BUILT_PRODUCTS_DIR)/2DA_EVA_2_TABLAS.app/2DA_EVA_2_TABLAS";
			};
			name = Debug;
		};
		913A38F51E6F2605008EBFC7 /* Release */ = {
			isa = XCBuildConfiguration;
			buildSettings = {
				BUNDLE_LOADER = "$(TEST_HOST)";
				INFOPLIST_FILE = 2DA_EVA_2_TABLASTests/Info.plist;
				LD_RUNPATH_SEARCH_PATHS = "$(inherited) @executable_path/Frameworks @loader_path/Frameworks";
				PRODUCT_BUNDLE_IDENTIFIER = "com.gallegos.luis.-DA-EVA-2-TABLASTests";
				PRODUCT_NAME = "$(TARGET_NAME)";
				TEST_HOST = "$(BUILT_PRODUCTS_DIR)/2DA_EVA_2_TABLAS.app/2DA_EVA_2_TABLAS";
			};
			name = Release;
		};
		913A38F71E6F2605008EBFC7 /* Debug */ = {
			isa = XCBuildConfiguration;
			buildSettings = {
				INFOPLIST_FILE = 2DA_EVA_2_TABLASUITests/Info.plist;
				LD_RUNPATH_SEARCH_PATHS = "$(inherited) @executable_path/Frameworks @loader_path/Frameworks";
				PRODUCT_BUNDLE_IDENTIFIER = "com.gallegos.luis.-DA-EVA-2-TABLASUITests";
				PRODUCT_NAME = "$(TARGET_NAME)";
				TEST_TARGET_NAME = 2DA_EVA_2_TABLAS;
			};
			name = Debug;
		};
		913A38F81E6F2605008EBFC7 /* Release */ = {
			isa = XCBuildConfiguration;
			buildSettings = {
				INFOPLIST_FILE = 2DA_EVA_2_TABLASUITests/Info.plist;
				LD_RUNPATH_SEARCH_PATHS = "$(inherited) @executable_path/Frameworks @loader_path/Frameworks";
				PRODUCT_BUNDLE_IDENTIFIER = "com.gallegos.luis.-DA-EVA-2-TABLASUITests";
				PRODUCT_NAME = "$(TARGET_NAME)";
				TEST_TARGET_NAME = 2DA_EVA_2_TABLAS;
			};
			name = Release;
		};
/* End XCBuildConfiguration section */

/* Begin XCConfigurationList section */
		913A38C31E6F2604008EBFC7 /* Build configuration list for PBXProject "2DA_EVA_2_TABLAS" */ = {
			isa = XCConfigurationList;
			buildConfigurations = (
				913A38EE1E6F2605008EBFC7 /* Debug */,
				913A38EF1E6F2605008EBFC7 /* Release */,
			);
			defaultConfigurationIsVisible = 0;
			defaultConfigurationName = Release;
		};
		913A38F01E6F2605008EBFC7 /* Build configuration list for PBXNativeTarget "2DA_EVA_2_TABLAS" */ = {
			isa = XCConfigurationList;
			buildConfigurations = (
				913A38F11E6F2605008EBFC7 /* Debug */,
				913A38F21E6F2605008EBFC7 /* Release */,
			);
			defaultConfigurationIsVisible = 0;
		};
		913A38F31E6F2605008EBFC7 /* Build configuration list for PBXNativeTarget "2DA_EVA_2_TABLASTests" */ = {
			isa = XCConfigurationList;
			buildConfigurations = (
				913A38F41E6F2605008EBFC7 /* Debug */,
				913A38F51E6F2605008EBFC7 /* Release */,
			);
			defaultConfigurationIsVisible = 0;
		};
		913A38F61E6F2605008EBFC7 /* Build configuration list for PBXNativeTarget "2DA_EVA_2_TABLASUITests" */ = {
			isa = XCConfigurationList;
			buildConfigurations = (
				913A38F71E6F2605008EBFC7 /* Debug */,
				913A38F81E6F2605008EBFC7 /* Release */,
			);
			defaultConfigurationIsVisible = 0;
		};
/* End XCConfigurationList section */
	};
	rootObject = 913A38C01E6F2604008EBFC7 /* Project object */;
}
