// !$*UTF8*$!
{
	archiveVersion = 1;
	classes = {
	};
	objectVersion = 46;
	objects = {

/* Begin PBXBuildFile section */
		910FB3581E6F222400D791BB /* AppDelegate.swift in Sources */ = {isa = PBXBuildFile; fileRef = 910FB3571E6F222400D791BB /* AppDelegate.swift */; };
		910FB35A1E6F222400D791BB /* ViewController.swift in Sources */ = {isa = PBXBuildFile; fileRef = 910FB3591E6F222400D791BB /* ViewController.swift */; };
		910FB35D1E6F222400D791BB /* Main.storyboard in Resources */ = {isa = PBXBuildFile; fileRef = 910FB35B1E6F222400D791BB /* Main.storyboard */; };
		910FB35F1E6F222400D791BB /* Assets.xcassets in Resources */ = {isa = PBXBuildFile; fileRef = 910FB35E1E6F222400D791BB /* Assets.xcassets */; };
		910FB3621E6F222400D791BB /* LaunchScreen.storyboard in Resources */ = {isa = PBXBuildFile; fileRef = 910FB3601E6F222400D791BB /* LaunchScreen.storyboard */; };
		910FB36D1E6F222400D791BB /* _DA_EVA_1_CICLO_DE_VIDATests.swift in Sources */ = {isa = PBXBuildFile; fileRef = 910FB36C1E6F222400D791BB /* _DA_EVA_1_CICLO_DE_VIDATests.swift */; };
		910FB3781E6F222400D791BB /* _DA_EVA_1_CICLO_DE_VIDAUITests.swift in Sources */ = {isa = PBXBuildFile; fileRef = 910FB3771E6F222400D791BB /* _DA_EVA_1_CICLO_DE_VIDAUITests.swift */; };
/* End PBXBuildFile section */

/* Begin PBXContainerItemProxy section */
		910FB3691E6F222400D791BB /* PBXContainerItemProxy */ = {
			isa = PBXContainerItemProxy;
			containerPortal = 910FB34C1E6F222400D791BB /* Project object */;
			proxyType = 1;
			remoteGlobalIDString = 910FB3531E6F222400D791BB;
			remoteInfo = 2DA_EVA_1_CICLO_DE_VIDA;
		};
		910FB3741E6F222400D791BB /* PBXContainerItemProxy */ = {
			isa = PBXContainerItemProxy;
			containerPortal = 910FB34C1E6F222400D791BB /* Project object */;
			proxyType = 1;
			remoteGlobalIDString = 910FB3531E6F222400D791BB;
			remoteInfo = 2DA_EVA_1_CICLO_DE_VIDA;
		};
/* End PBXContainerItemProxy section */

/* Begin PBXFileReference section */
		910FB3541E6F222400D791BB /* 2DA_EVA_1_CICLO_DE_VIDA.app */ = {isa = PBXFileReference; explicitFileType = wrapper.application; includeInIndex = 0; path = 2DA_EVA_1_CICLO_DE_VIDA.app; sourceTree = BUILT_PRODUCTS_DIR; };
		910FB3571E6F222400D791BB /* AppDelegate.swift */ = {isa = PBXFileReference; lastKnownFileType = sourcecode.swift; path = AppDelegate.swift; sourceTree = "<group>"; };
		910FB3591E6F222400D791BB /* ViewController.swift */ = {isa = PBXFileReference; lastKnownFileType = sourcecode.swift; path = ViewController.swift; sourceTree = "<group>"; };
		910FB35C1E6F222400D791BB /* Base */ = {isa = PBXFileReference; lastKnownFileType = file.storyboard; name = Base; path = Base.lproj/Main.storyboard; sourceTree = "<group>"; };
		910FB35E1E6F222400D791BB /* Assets.xcassets */ = {isa = PBXFileReference; lastKnownFileType = folder.assetcatalog; path = Assets.xcassets; sourceTree = "<group>"; };
		910FB3611E6F222400D791BB /* Base */ = {isa = PBXFileReference; lastKnownFileType = file.storyboard; name = Base; path = Base.lproj/LaunchScreen.storyboard; sourceTree = "<group>"; };
		910FB3631E6F222400D791BB /* Info.plist */ = {isa = PBXFileReference; lastKnownFileType = text.plist.xml; path = Info.plist; sourceTree = "<group>"; };
		910FB3681E6F222400D791BB /* 2DA_EVA_1_CICLO_DE_VIDATests.xctest */ = {isa = PBXFileReference; explicitFileType = wrapper.cfbundle; includeInIndex = 0; path = 2DA_EVA_1_CICLO_DE_VIDATests.xctest; sourceTree = BUILT_PRODUCTS_DIR; };
		910FB36C1E6F222400D791BB /* _DA_EVA_1_CICLO_DE_VIDATests.swift */ = {isa = PBXFileReference; lastKnownFileType = sourcecode.swift; path = _DA_EVA_1_CICLO_DE_VIDATests.swift; sourceTree = "<group>"; };
		910FB36E1E6F222400D791BB /* Info.plist */ = {isa = PBXFileReference; lastKnownFileType = text.plist.xml; path = Info.plist; sourceTree = "<group>"; };
		910FB3731E6F222400D791BB /* 2DA_EVA_1_CICLO_DE_VIDAUITests.xctest */ = {isa = PBXFileReference; explicitFileType = wrapper.cfbundle; includeInIndex = 0; path = 2DA_EVA_1_CICLO_DE_VIDAUITests.xctest; sourceTree = BUILT_PRODUCTS_DIR; };
		910FB3771E6F222400D791BB /* _DA_EVA_1_CICLO_DE_VIDAUITests.swift */ = {isa = PBXFileReference; lastKnownFileType = sourcecode.swift; path = _DA_EVA_1_CICLO_DE_VIDAUITests.swift; sourceTree = "<group>"; };
		910FB3791E6F222400D791BB /* Info.plist */ = {isa = PBXFileReference; lastKnownFileType = text.plist.xml; path = Info.plist; sourceTree = "<group>"; };
/* End PBXFileReference section */

/* Begin PBXFrameworksBuildPhase section */
		910FB3511E6F222400D791BB /* Frameworks */ = {
			isa = PBXFrameworksBuildPhase;
			buildActionMask = 2147483647;
			files = (
			);
			runOnlyForDeploymentPostprocessing = 0;
		};
		910FB3651E6F222400D791BB /* Frameworks */ = {
			isa = PBXFrameworksBuildPhase;
			buildActionMask = 2147483647;
			files = (
			);
			runOnlyForDeploymentPostprocessing = 0;
		};
		910FB3701E6F222400D791BB /* Frameworks */ = {
			isa = PBXFrameworksBuildPhase;
			buildActionMask = 2147483647;
			files = (
			);
			runOnlyForDeploymentPostprocessing = 0;
		};
/* End PBXFrameworksBuildPhase section */

/* Begin PBXGroup section */
		910FB34B1E6F222400D791BB = {
			isa = PBXGroup;
			children = (
				910FB3561E6F222400D791BB /* 2DA_EVA_1_CICLO_DE_VIDA */,
				910FB36B1E6F222400D791BB /* 2DA_EVA_1_CICLO_DE_VIDATests */,
				910FB3761E6F222400D791BB /* 2DA_EVA_1_CICLO_DE_VIDAUITests */,
				910FB3551E6F222400D791BB /* Products */,
			);
			sourceTree = "<group>";
		};
		910FB3551E6F222400D791BB /* Products */ = {
			isa = PBXGroup;
			children = (
				910FB3541E6F222400D791BB /* 2DA_EVA_1_CICLO_DE_VIDA.app */,
				910FB3681E6F222400D791BB /* 2DA_EVA_1_CICLO_DE_VIDATests.xctest */,
				910FB3731E6F222400D791BB /* 2DA_EVA_1_CICLO_DE_VIDAUITests.xctest */,
			);
			name = Products;
			sourceTree = "<group>";
		};
		910FB3561E6F222400D791BB /* 2DA_EVA_1_CICLO_DE_VIDA */ = {
			isa = PBXGroup;
			children = (
				910FB3571E6F222400D791BB /* AppDelegate.swift */,
				910FB3591E6F222400D791BB /* ViewController.swift */,
				910FB35B1E6F222400D791BB /* Main.storyboard */,
				910FB35E1E6F222400D791BB /* Assets.xcassets */,
				910FB3601E6F222400D791BB /* LaunchScreen.storyboard */,
				910FB3631E6F222400D791BB /* Info.plist */,
			);
			path = 2DA_EVA_1_CICLO_DE_VIDA;
			sourceTree = "<group>";
		};
		910FB36B1E6F222400D791BB /* 2DA_EVA_1_CICLO_DE_VIDATests */ = {
			isa = PBXGroup;
			children = (
				910FB36C1E6F222400D791BB /* _DA_EVA_1_CICLO_DE_VIDATests.swift */,
				910FB36E1E6F222400D791BB /* Info.plist */,
			);
			path = 2DA_EVA_1_CICLO_DE_VIDATests;
			sourceTree = "<group>";
		};
		910FB3761E6F222400D791BB /* 2DA_EVA_1_CICLO_DE_VIDAUITests */ = {
			isa = PBXGroup;
			children = (
				910FB3771E6F222400D791BB /* _DA_EVA_1_CICLO_DE_VIDAUITests.swift */,
				910FB3791E6F222400D791BB /* Info.plist */,
			);
			path = 2DA_EVA_1_CICLO_DE_VIDAUITests;
			sourceTree = "<group>";
		};
/* End PBXGroup section */

/* Begin PBXNativeTarget section */
		910FB3531E6F222400D791BB /* 2DA_EVA_1_CICLO_DE_VIDA */ = {
			isa = PBXNativeTarget;
			buildConfigurationList = 910FB37C1E6F222400D791BB /* Build configuration list for PBXNativeTarget "2DA_EVA_1_CICLO_DE_VIDA" */;
			buildPhases = (
				910FB3501E6F222400D791BB /* Sources */,
				910FB3511E6F222400D791BB /* Frameworks */,
				910FB3521E6F222400D791BB /* Resources */,
			);
			buildRules = (
			);
			dependencies = (
			);
			name = 2DA_EVA_1_CICLO_DE_VIDA;
			productName = 2DA_EVA_1_CICLO_DE_VIDA;
			productReference = 910FB3541E6F222400D791BB /* 2DA_EVA_1_CICLO_DE_VIDA.app */;
			productType = "com.apple.product-type.application";
		};
		910FB3671E6F222400D791BB /* 2DA_EVA_1_CICLO_DE_VIDATests */ = {
			isa = PBXNativeTarget;
			buildConfigurationList = 910FB37F1E6F222400D791BB /* Build configuration list for PBXNativeTarget "2DA_EVA_1_CICLO_DE_VIDATests" */;
			buildPhases = (
				910FB3641E6F222400D791BB /* Sources */,
				910FB3651E6F222400D791BB /* Frameworks */,
				910FB3661E6F222400D791BB /* Resources */,
			);
			buildRules = (
			);
			dependencies = (
				910FB36A1E6F222400D791BB /* PBXTargetDependency */,
			);
			name = 2DA_EVA_1_CICLO_DE_VIDATests;
			productName = 2DA_EVA_1_CICLO_DE_VIDATests;
			productReference = 910FB3681E6F222400D791BB /* 2DA_EVA_1_CICLO_DE_VIDATests.xctest */;
			productType = "com.apple.product-type.bundle.unit-test";
		};
		910FB3721E6F222400D791BB /* 2DA_EVA_1_CICLO_DE_VIDAUITests */ = {
			isa = PBXNativeTarget;
			buildConfigurationList = 910FB3821E6F222400D791BB /* Build configuration list for PBXNativeTarget "2DA_EVA_1_CICLO_DE_VIDAUITests" */;
			buildPhases = (
				910FB36F1E6F222400D791BB /* Sources */,
				910FB3701E6F222400D791BB /* Frameworks */,
				910FB3711E6F222400D791BB /* Resources */,
			);
			buildRules = (
			);
			dependencies = (
				910FB3751E6F222400D791BB /* PBXTargetDependency */,
			);
			name = 2DA_EVA_1_CICLO_DE_VIDAUITests;
			productName = 2DA_EVA_1_CICLO_DE_VIDAUITests;
			productReference = 910FB3731E6F222400D791BB /* 2DA_EVA_1_CICLO_DE_VIDAUITests.xctest */;
			productType = "com.apple.product-type.bundle.ui-testing";
		};
/* End PBXNativeTarget section */

/* Begin PBXProject section */
		910FB34C1E6F222400D791BB /* Project object */ = {
			isa = PBXProject;
			attributes = {
				LastSwiftUpdateCheck = 0730;
				LastUpgradeCheck = 0730;
				ORGANIZATIONNAME = "LUIS FERNANDO";
				TargetAttributes = {
					910FB3531E6F222400D791BB = {
						CreatedOnToolsVersion = 7.3.1;
					};
					910FB3671E6F222400D791BB = {
						CreatedOnToolsVersion = 7.3.1;
						TestTargetID = 910FB3531E6F222400D791BB;
					};
					910FB3721E6F222400D791BB = {
						CreatedOnToolsVersion = 7.3.1;
						TestTargetID = 910FB3531E6F222400D791BB;
					};
				};
			};
			buildConfigurationList = 910FB34F1E6F222400D791BB /* Build configuration list for PBXProject "2DA_EVA_1_CICLO_DE_VIDA" */;
			compatibilityVersion = "Xcode 3.2";
			developmentRegion = English;
			hasScannedForEncodings = 0;
			knownRegions = (
				en,
				Base,
			);
			mainGroup = 910FB34B1E6F222400D791BB;
			productRefGroup = 910FB3551E6F222400D791BB /* Products */;
			projectDirPath = "";
			projectRoot = "";
			targets = (
				910FB3531E6F222400D791BB /* 2DA_EVA_1_CICLO_DE_VIDA */,
				910FB3671E6F222400D791BB /* 2DA_EVA_1_CICLO_DE_VIDATests */,
				910FB3721E6F222400D791BB /* 2DA_EVA_1_CICLO_DE_VIDAUITests */,
			);
		};
/* End PBXProject section */

/* Begin PBXResourcesBuildPhase section */
		910FB3521E6F222400D791BB /* Resources */ = {
			isa = PBXResourcesBuildPhase;
			buildActionMask = 2147483647;
			files = (
				910FB3621E6F222400D791BB /* LaunchScreen.storyboard in Resources */,
				910FB35F1E6F222400D791BB /* Assets.xcassets in Resources */,
				910FB35D1E6F222400D791BB /* Main.storyboard in Resources */,
			);
			runOnlyForDeploymentPostprocessing = 0;
		};
		910FB3661E6F222400D791BB /* Resources */ = {
			isa = PBXResourcesBuildPhase;
			buildActionMask = 2147483647;
			files = (
			);
			runOnlyForDeploymentPostprocessing = 0;
		};
		910FB3711E6F222400D791BB /* Resources */ = {
			isa = PBXResourcesBuildPhase;
			buildActionMask = 2147483647;
			files = (
			);
			runOnlyForDeploymentPostprocessing = 0;
		};
/* End PBXResourcesBuildPhase section */

/* Begin PBXSourcesBuildPhase section */
		910FB3501E6F222400D791BB /* Sources */ = {
			isa = PBXSourcesBuildPhase;
			buildActionMask = 2147483647;
			files = (
				910FB35A1E6F222400D791BB /* ViewController.swift in Sources */,
				910FB3581E6F222400D791BB /* AppDelegate.swift in Sources */,
			);
			runOnlyForDeploymentPostprocessing = 0;
		};
		910FB3641E6F222400D791BB /* Sources */ = {
			isa = PBXSourcesBuildPhase;
			buildActionMask = 2147483647;
			files = (
				910FB36D1E6F222400D791BB /* _DA_EVA_1_CICLO_DE_VIDATests.swift in Sources */,
			);
			runOnlyForDeploymentPostprocessing = 0;
		};
		910FB36F1E6F222400D791BB /* Sources */ = {
			isa = PBXSourcesBuildPhase;
			buildActionMask = 2147483647;
			files = (
				910FB3781E6F222400D791BB /* _DA_EVA_1_CICLO_DE_VIDAUITests.swift in Sources */,
			);
			runOnlyForDeploymentPostprocessing = 0;
		};
/* End PBXSourcesBuildPhase section */

/* Begin PBXTargetDependency section */
		910FB36A1E6F222400D791BB /* PBXTargetDependency */ = {
			isa = PBXTargetDependency;
			target = 910FB3531E6F222400D791BB /* 2DA_EVA_1_CICLO_DE_VIDA */;
			targetProxy = 910FB3691E6F222400D791BB /* PBXContainerItemProxy */;
		};
		910FB3751E6F222400D791BB /* PBXTargetDependency */ = {
			isa = PBXTargetDependency;
			target = 910FB3531E6F222400D791BB /* 2DA_EVA_1_CICLO_DE_VIDA */;
			targetProxy = 910FB3741E6F222400D791BB /* PBXContainerItemProxy */;
		};
/* End PBXTargetDependency section */

/* Begin PBXVariantGroup section */
		910FB35B1E6F222400D791BB /* Main.storyboard */ = {
			isa = PBXVariantGroup;
			children = (
				910FB35C1E6F222400D791BB /* Base */,
			);
			name = Main.storyboard;
			sourceTree = "<group>";
		};
		910FB3601E6F222400D791BB /* LaunchScreen.storyboard */ = {
			isa = PBXVariantGroup;
			children = (
				910FB3611E6F222400D791BB /* Base */,
			);
			name = LaunchScreen.storyboard;
			sourceTree = "<group>";
		};
/* End PBXVariantGroup section */

/* Begin XCBuildConfiguration section */
		910FB37A1E6F222400D791BB /* Debug */ = {
			isa = XCBuildConfiguration;
			buildSettings = {
				ALWAYS_SEARCH_USER_PATHS = NO;
				CLANG_ANALYZER_NONNULL = YES;
				CLANG_CXX_LANGUAGE_STANDARD = "gnu++0x";
				CLANG_CXX_LIBRARY = "libc++";
				CLANG_ENABLE_MODULES = YES;
				CLANG_ENABLE_OBJC_ARC = YES;
				CLANG_WARN_BOOL_CONVERSION = YES;
				CLANG_WARN_CONSTANT_CONVERSION = YES;
				CLANG_WARN_DIRECT_OBJC_ISA_USAGE = YES_ERROR;
				CLANG_WARN_EMPTY_BODY = YES;
				CLANG_WARN_ENUM_CONVERSION = YES;
				CLANG_WARN_INT_CONVERSION = YES;
				CLANG_WARN_OBJC_ROOT_CLASS = YES_ERROR;
				CLANG_WARN_UNREACHABLE_CODE = YES;
				CLANG_WARN__DUPLICATE_METHOD_MATCH = YES;
				"CODE_SIGN_IDENTITY[sdk=iphoneos*]" = "iPhone Developer";
				COPY_PHASE_STRIP = NO;
				DEBUG_INFORMATION_FORMAT = dwarf;
				ENABLE_STRICT_OBJC_MSGSEND = YES;
				ENABLE_TESTABILITY = YES;
				GCC_C_LANGUAGE_STANDARD = gnu99;
				GCC_DYNAMIC_NO_PIC = NO;
				GCC_NO_COMMON_BLOCKS = YES;
				GCC_OPTIMIZATION_LEVEL = 0;
				GCC_PREPROCESSOR_DEFINITIONS = (
					"DEBUG=1",
					"$(inherited)",
				);
				GCC_WARN_64_TO_32_BIT_CONVERSION = YES;
				GCC_WARN_ABOUT_RETURN_TYPE = YES_ERROR;
				GCC_WARN_UNDECLARED_SELECTOR = YES;
				GCC_WARN_UNINITIALIZED_AUTOS = YES_AGGRESSIVE;
				GCC_WARN_UNUSED_FUNCTION = YES;
				GCC_WARN_UNUSED_VARIABLE = YES;
				IPHONEOS_DEPLOYMENT_TARGET = 9.3;
				MTL_ENABLE_DEBUG_INFO = YES;
				ONLY_ACTIVE_ARCH = YES;
				SDKROOT = iphoneos;
				SWIFT_OPTIMIZATION_LEVEL = "-Onone";
				TARGETED_DEVICE_FAMILY = "1,2";
			};
			name = Debug;
		};
		910FB37B1E6F222400D791BB /* Release */ = {
			isa = XCBuildConfiguration;
			buildSettings = {
				ALWAYS_SEARCH_USER_PATHS = NO;
				CLANG_ANALYZER_NONNULL = YES;
				CLANG_CXX_LANGUAGE_STANDARD = "gnu++0x";
				CLANG_CXX_LIBRARY = "libc++";
				CLANG_ENABLE_MODULES = YES;
				CLANG_ENABLE_OBJC_ARC = YES;
				CLANG_WARN_BOOL_CONVERSION = YES;
				CLANG_WARN_CONSTANT_CONVERSION = YES;
				CLANG_WARN_DIRECT_OBJC_ISA_USAGE = YES_ERROR;
				CLANG_WARN_EMPTY_BODY = YES;
				CLANG_WARN_ENUM_CONVERSION = YES;
				CLANG_WARN_INT_CONVERSION = YES;
				CLANG_WARN_OBJC_ROOT_CLASS = YES_ERROR;
				CLANG_WARN_UNREACHABLE_CODE = YES;
				CLANG_WARN__DUPLICATE_METHOD_MATCH = YES;
				"CODE_SIGN_IDENTITY[sdk=iphoneos*]" = "iPhone Developer";
				COPY_PHASE_STRIP = NO;
				DEBUG_INFORMATION_FORMAT = "dwarf-with-dsym";
				ENABLE_NS_ASSERTIONS = NO;
				ENABLE_STRICT_OBJC_MSGSEND = YES;
				GCC_C_LANGUAGE_STANDARD = gnu99;
				GCC_NO_COMMON_BLOCKS = YES;
				GCC_WARN_64_TO_32_BIT_CONVERSION = YES;
				GCC_WARN_ABOUT_RETURN_TYPE = YES_ERROR;
				GCC_WARN_UNDECLARED_SELECTOR = YES;
				GCC_WARN_UNINITIALIZED_AUTOS = YES_AGGRESSIVE;
				GCC_WARN_UNUSED_FUNCTION = YES;
				GCC_WARN_UNUSED_VARIABLE = YES;
				IPHONEOS_DEPLOYMENT_TARGET = 9.3;
				MTL_ENABLE_DEBUG_INFO = NO;
				SDKROOT = iphoneos;
				TARGETED_DEVICE_FAMILY = "1,2";
				VALIDATE_PRODUCT = YES;
			};
			name = Release;
		};
		910FB37D1E6F222400D791BB /* Debug */ = {
			isa = XCBuildConfiguration;
			buildSettings = {
				ASSETCATALOG_COMPILER_APPICON_NAME = AppIcon;
				INFOPLIST_FILE = 2DA_EVA_1_CICLO_DE_VIDA/Info.plist;
				LD_RUNPATH_SEARCH_PATHS = "$(inherited) @executable_path/Frameworks";
				PRODUCT_BUNDLE_IDENTIFIER = "com.gallegos.luis.-DA-EVA-1-CICLO-DE-VIDA";
				PRODUCT_NAME = "$(TARGET_NAME)";
			};
			name = Debug;
		};
		910FB37E1E6F222400D791BB /* Release */ = {
			isa = XCBuildConfiguration;
			buildSettings = {
				ASSETCATALOG_COMPILER_APPICON_NAME = AppIcon;
				INFOPLIST_FILE = 2DA_EVA_1_CICLO_DE_VIDA/Info.plist;
				LD_RUNPATH_SEARCH_PATHS = "$(inherited) @executable_path/Frameworks";
				PRODUCT_BUNDLE_IDENTIFIER = "com.gallegos.luis.-DA-EVA-1-CICLO-DE-VIDA";
				PRODUCT_NAME = "$(TARGET_NAME)";
			};
			name = Release;
		};
		910FB3801E6F222400D791BB /* Debug */ = {
			isa = XCBuildConfiguration;
			buildSettings = {
				BUNDLE_LOADER = "$(TEST_HOST)";
				INFOPLIST_FILE = 2DA_EVA_1_CICLO_DE_VIDATests/Info.plist;
				LD_RUNPATH_SEARCH_PATHS = "$(inherited) @executable_path/Frameworks @loader_path/Frameworks";
				PRODUCT_BUNDLE_IDENTIFIER = "com.gallegos.luis.-DA-EVA-1-CICLO-DE-VIDATests";
				PRODUCT_NAME = "$(TARGET_NAME)";
				TEST_HOST = "$(BUILT_PRODUCTS_DIR)/2DA_EVA_1_CICLO_DE_VIDA.app/2DA_EVA_1_CICLO_DE_VIDA";
			};
			name = Debug;
		};
		910FB3811E6F222400D791BB /* Release */ = {
			isa = XCBuildConfiguration;
			buildSettings = {
				BUNDLE_LOADER = "$(TEST_HOST)";
				INFOPLIST_FILE = 2DA_EVA_1_CICLO_DE_VIDATests/Info.plist;
				LD_RUNPATH_SEARCH_PATHS = "$(inherited) @executable_path/Frameworks @loader_path/Frameworks";
				PRODUCT_BUNDLE_IDENTIFIER = "com.gallegos.luis.-DA-EVA-1-CICLO-DE-VIDATests";
				PRODUCT_NAME = "$(TARGET_NAME)";
				TEST_HOST = "$(BUILT_PRODUCTS_DIR)/2DA_EVA_1_CICLO_DE_VIDA.app/2DA_EVA_1_CICLO_DE_VIDA";
			};
			name = Release;
		};
		910FB3831E6F222400D791BB /* Debug */ = {
			isa = XCBuildConfiguration;
			buildSettings = {
				INFOPLIST_FILE = 2DA_EVA_1_CICLO_DE_VIDAUITests/Info.plist;
				LD_RUNPATH_SEARCH_PATHS = "$(inherited) @executable_path/Frameworks @loader_path/Frameworks";
				PRODUCT_BUNDLE_IDENTIFIER = "com.gallegos.luis.-DA-EVA-1-CICLO-DE-VIDAUITests";
				PRODUCT_NAME = "$(TARGET_NAME)";
				TEST_TARGET_NAME = 2DA_EVA_1_CICLO_DE_VIDA;
			};
			name = Debug;
		};
		910FB3841E6F222400D791BB /* Release */ = {
			isa = XCBuildConfiguration;
			buildSettings = {
				INFOPLIST_FILE = 2DA_EVA_1_CICLO_DE_VIDAUITests/Info.plist;
				LD_RUNPATH_SEARCH_PATHS = "$(inherited) @executable_path/Frameworks @loader_path/Frameworks";
				PRODUCT_BUNDLE_IDENTIFIER = "com.gallegos.luis.-DA-EVA-1-CICLO-DE-VIDAUITests";
				PRODUCT_NAME = "$(TARGET_NAME)";
				TEST_TARGET_NAME = 2DA_EVA_1_CICLO_DE_VIDA;
			};
			name = Release;
		};
/* End XCBuildConfiguration section */

/* Begin XCConfigurationList section */
		910FB34F1E6F222400D791BB /* Build configuration list for PBXProject "2DA_EVA_1_CICLO_DE_VIDA" */ = {
			isa = XCConfigurationList;
			buildConfigurations = (
				910FB37A1E6F222400D791BB /* Debug */,
				910FB37B1E6F222400D791BB /* Release */,
			);
			defaultConfigurationIsVisible = 0;
			defaultConfigurationName = Release;
		};
		910FB37C1E6F222400D791BB /* Build configuration list for PBXNativeTarget "2DA_EVA_1_CICLO_DE_VIDA" */ = {
			isa = XCConfigurationList;
			buildConfigurations = (
				910FB37D1E6F222400D791BB /* Debug */,
				910FB37E1E6F222400D791BB /* Release */,
			);
			defaultConfigurationIsVisible = 0;
		};
		910FB37F1E6F222400D791BB /* Build configuration list for PBXNativeTarget "2DA_EVA_1_CICLO_DE_VIDATests" */ = {
			isa = XCConfigurationList;
			buildConfigurations = (
				910FB3801E6F222400D791BB /* Debug */,
				910FB3811E6F222400D791BB /* Release */,
			);
			defaultConfigurationIsVisible = 0;
		};
		910FB3821E6F222400D791BB /* Build configuration list for PBXNativeTarget "2DA_EVA_1_CICLO_DE_VIDAUITests" */ = {
			isa = XCConfigurationList;
			buildConfigurations = (
				910FB3831E6F222400D791BB /* Debug */,
				910FB3841E6F222400D791BB /* Release */,
			);
			defaultConfigurationIsVisible = 0;
		};
/* End XCConfigurationList section */
	};
	rootObject = 910FB34C1E6F222400D791BB /* Project object */;
}
